
Microsoft Visual Studio Solution File, Format Version 12.00
# Visual Studio 15
VisualStudioVersion = 15.0.27703.2035
MinimumVisualStudioVersion = 10.0.40219.1
Project("{FAE04EC0-301F-11D3-BF4B-00C04F79EFBC}") = "TheYellowBook", "TheYellowBook\TheYellowBook.csproj", "{4CD47937-6CCB-4BC0-A3E6-4B2EB9C1F17A}"
EndProject
Global
	GlobalSection(SolutionConfigurationPlatforms) = preSolution
		Debug|Any CPU = Debug|Any CPU
		Release|Any CPU = Release|Any CPU
	EndGlobalSection
	GlobalSection(ProjectConfigurationPlatforms) = postSolution
		{4CD47937-6CCB-4BC0-A3E6-4B2EB9C1F17A}.Debug|Any CPU.ActiveCfg = Debug|Any CPU
		{4CD47937-6CCB-4BC0-A3E6-4B2EB9C1F17A}.Debug|Any CPU.Build.0 = Debug|Any CPU
		{4CD47937-6CCB-4BC0-A3E6-4B2EB9C1F17A}.Release|Any CPU.ActiveCfg = Release|Any CPU
		{4CD47937-6CCB-4BC0-A3E6-4B2EB9C1F17A}.Release|Any CPU.Build.0 = Release|Any CPU
	EndGlobalSection
	GlobalSection(SolutionProperties) = preSolution
		HideSolutionNode = FALSE
	EndGlobalSection
	GlobalSection(ExtensibilityGlobals) = postSolution
		SolutionGuid = {CBCB868D-B816-46A0-A3BF-F77F1CA749DC}
	EndGlobalSection
EndGlobal
